<Solution>
  <Folder Name="/src/">
    <Project Path="src/Pervaxis.Genesis.AIAssistance.AWS/Pervaxis.Genesis.AIAssistance.AWS.csproj" />
    <Project Path="src/Pervaxis.Genesis.Base/Pervaxis.Genesis.Base.csproj" />
    <Project Path="src/Pervaxis.Genesis.Caching.AWS/Pervaxis.Genesis.Caching.AWS.csproj" />
    <Project Path="src/Pervaxis.Genesis.FeatureFlags.AWS/Pervaxis.Genesis.FeatureFlags.AWS.csproj" />
    <Project Path="src/Pervaxis.Genesis.FileStorage.AWS/Pervaxis.Genesis.FileStorage.AWS.csproj" />
    <Project Path="src/Pervaxis.Genesis.Idempotency/Pervaxis.Genesis.Idempotency.csproj" />
    <Project Path="src/Pervaxis.Genesis.Idempotency.AWS/Pervaxis.Genesis.Idempotency.AWS.csproj" />
    <Project Path="src/Pervaxis.Genesis.Messaging.AWS/Pervaxis.Genesis.Messaging.AWS.csproj" />
    <Project Path="src/Pervaxis.Genesis.Notifications.AWS/Pervaxis.Genesis.Notifications.AWS.csproj" />
    <Project Path="src/Pervaxis.Genesis.OData/Pervaxis.Genesis.OData.csproj" />
    <Project Path="src/Pervaxis.Genesis.Reporting.AWS/Pervaxis.Genesis.Reporting.AWS.csproj" />
    <Project Path="src/Pervaxis.Genesis.Search.AWS/Pervaxis.Genesis.Search.AWS.csproj" />
    <Project Path="src/Pervaxis.Genesis.TransactionalLogging.AWS/Pervaxis.Genesis.TransactionalLogging.AWS.csproj" />
    <Project Path="src/Pervaxis.Genesis.Workflow.AWS/Pervaxis.Genesis.Workflow.AWS.csproj" />
    <Project Path="src/Pervaxis.Genesis.Sanitization/Pervaxis.Genesis.Sanitization.csproj" />
  </Folder>
  <Folder Name="/tests/">
    <Project Path="tests/Pervaxis.Genesis.AIAssistance.AWS.Tests/Pervaxis.Genesis.AIAssistance.AWS.Tests.csproj" />
    <Project Path="tests/Pervaxis.Genesis.Base.Tests/Pervaxis.Genesis.Base.Tests.csproj" />
    <Project Path="tests/Pervaxis.Genesis.Caching.AWS.Tests/Pervaxis.Genesis.Caching.AWS.Tests.csproj" />
    <Project Path="tests/Pervaxis.Genesis.FeatureFlags.AWS.Tests/Pervaxis.Genesis.FeatureFlags.AWS.Tests.csproj" />
    <Project Path="tests/Pervaxis.Genesis.FileStorage.AWS.Tests/Pervaxis.Genesis.FileStorage.AWS.Tests.csproj" />
    <Project Path="tests/Pervaxis.Genesis.Idempotency.Tests/Pervaxis.Genesis.Idempotency.Tests.csproj" />
    <Project Path="tests/Pervaxis.Genesis.Idempotency.AWS.Tests/Pervaxis.Genesis.Idempotency.AWS.Tests.csproj" />
    <Project Path="tests/Pervaxis.Genesis.Messaging.AWS.Tests/Pervaxis.Genesis.Messaging.AWS.Tests.csproj" />
    <Project Path="tests/Pervaxis.Genesis.Notifications.AWS.Tests/Pervaxis.Genesis.Notifications.AWS.Tests.csproj" />
    <Project Path="tests/Pervaxis.Genesis.OData.Tests/Pervaxis.Genesis.OData.Tests.csproj" />
    <Project Path="tests/Pervaxis.Genesis.Reporting.AWS.Tests/Pervaxis.Genesis.Reporting.AWS.Tests.csproj" />
    <Project Path="tests/Pervaxis.Genesis.Search.AWS.Tests/Pervaxis.Genesis.Search.AWS.Tests.csproj" />
    <Project Path="tests/Pervaxis.Genesis.TransactionalLogging.AWS.Tests/Pervaxis.Genesis.TransactionalLogging.AWS.Tests.csproj" />
    <Project Path="tests/Pervaxis.Genesis.Workflow.AWS.Tests/Pervaxis.Genesis.Workflow.AWS.Tests.csproj" />
    <Project Path="tests/Pervaxis.Genesis.Sanitization.Tests/Pervaxis.Genesis.Sanitization.Tests.csproj" />
  </Folder>
</Solution>
